
Microsoft Visual Studio Solution File, Format Version 12.00
# Visual Studio Version 16
VisualStudioVersion = 16.0.30413.136
MinimumVisualStudioVersion = 10.0.40219.1
Project("{FAE04EC0-301F-11D3-BF4B-00C04F79EFBC}") = "TodoListMVC", "TodoListMVC\TodoListMVC.csproj", "{306743E8-7DBB-4D27-B8FE-BB83CB53372C}"
EndProject
Global
	GlobalSection(SolutionConfigurationPlatforms) = preSolution
		Debug|Any CPU = Debug|Any CPU
		Release|Any CPU = Release|Any CPU
	EndGlobalSection
	GlobalSection(ProjectConfigurationPlatforms) = postSolution
		{306743E8-7DBB-4D27-B8FE-BB83CB53372C}.Debug|Any CPU.ActiveCfg = Debug|Any CPU
		{306743E8-7DBB-4D27-B8FE-BB83CB53372C}.Debug|Any CPU.Build.0 = Debug|Any CPU
		{306743E8-7DBB-4D27-B8FE-BB83CB53372C}.Release|Any CPU.ActiveCfg = Release|Any CPU
		{306743E8-7DBB-4D27-B8FE-BB83CB53372C}.Release|Any CPU.Build.0 = Release|Any CPU
	EndGlobalSection
	GlobalSection(SolutionProperties) = preSolution
		HideSolutionNode = FALSE
	EndGlobalSection
	GlobalSection(ExtensibilityGlobals) = postSolution
		SolutionGuid = {3CF0A34C-9CE6-4384-BC18-3510E8D90136}
	EndGlobalSection
EndGlobal
